
Microsoft Visual Studio Solution File, Format Version 12.00
# Visual Studio Version 17
VisualStudioVersion = 17.9.34728.123
MinimumVisualStudioVersion = 10.0.40219.1
Project("{9A19103F-16F7-4668-BE54-9A1E7A4F7556}") = "DVProject", "DVProject.csproj", "{6B7D64EB-B838-4C4B-9283-E7AB1D12ACCF}"
EndProject
Global
	GlobalSection(SolutionConfigurationPlatforms) = preSolution
		Debug|Any CPU = Debug|Any CPU
		Release|Any CPU = Release|Any CPU
	EndGlobalSection
	GlobalSection(ProjectConfigurationPlatforms) = postSolution
		{6B7D64EB-B838-4C4B-9283-E7AB1D12ACCF}.Debug|Any CPU.ActiveCfg = Debug|Any CPU
		{6B7D64EB-B838-4C4B-9283-E7AB1D12ACCF}.Debug|Any CPU.Build.0 = Debug|Any CPU
		{6B7D64EB-B838-4C4B-9283-E7AB1D12ACCF}.Release|Any CPU.ActiveCfg = Release|Any CPU
		{6B7D64EB-B838-4C4B-9283-E7AB1D12ACCF}.Release|Any CPU.Build.0 = Release|Any CPU
	EndGlobalSection
	GlobalSection(SolutionProperties) = preSolution
		HideSolutionNode = FALSE
	EndGlobalSection
	GlobalSection(ExtensibilityGlobals) = postSolution
		SolutionGuid = {EE9D4FEE-8174-46D3-BACB-1EEAC8E1E5A9}
	EndGlobalSection
EndGlobal
